
Microsoft Visual Studio Solution File, Format Version 12.00
# Visual Studio 15
VisualStudioVersion = 15.0.27703.2035
MinimumVisualStudioVersion = 10.0.40219.1
Project("{FAE04EC0-301F-11D3-BF4B-00C04F79EFBC}") = "ContainerCrypto", "ContainerCrypto\ContainerCrypto.csproj", "{0406F349-3304-4B8F-9771-F815C392D79D}"
EndProject
Global
	GlobalSection(SolutionConfigurationPlatforms) = preSolution
		Debug|Any CPU = Debug|Any CPU
		Release|Any CPU = Release|Any CPU
	EndGlobalSection
	GlobalSection(ProjectConfigurationPlatforms) = postSolution
		{0406F349-3304-4B8F-9771-F815C392D79D}.Debug|Any CPU.ActiveCfg = Debug|Any CPU
		{0406F349-3304-4B8F-9771-F815C392D79D}.Debug|Any CPU.Build.0 = Debug|Any CPU
		{0406F349-3304-4B8F-9771-F815C392D79D}.Release|Any CPU.ActiveCfg = Release|Any CPU
		{0406F349-3304-4B8F-9771-F815C392D79D}.Release|Any CPU.Build.0 = Release|Any CPU
	EndGlobalSection
	GlobalSection(SolutionProperties) = preSolution
		HideSolutionNode = FALSE
	EndGlobalSection
	GlobalSection(ExtensibilityGlobals) = postSolution
		SolutionGuid = {88B672CA-9B16-4293-AF4D-D15A2257FB21}
	EndGlobalSection
EndGlobal
